// !$*UTF8*$!
{
	archiveVersion = 1;
	classes = {
	};
	objectVersion = 56;
	objects = {

/* Begin PBXBuildFile section */
		4FBD292EA43B8AD2E2D3FF09 /* Pods_bedtime_story_maker.framework in Frameworks */ = {isa = PBXBuildFile; fileRef = B3C1FCA73FC48F5385E18285 /* Pods_bedtime_story_maker.framework */; };
		DE78FD442A34EB13003080B4 /* bedtime_story_makerApp.swift in Sources */ = {isa = PBXBuildFile; fileRef = DE78FD432A34EB13003080B4 /* bedtime_story_makerApp.swift */; };
		DE78FD482A34EB15003080B4 /* Assets.xcassets in Resources */ = {isa = PBXBuildFile; fileRef = DE78FD472A34EB15003080B4 /* Assets.xcassets */; };
		DE78FD4B2A34EB15003080B4 /* Preview Assets.xcassets in Resources */ = {isa = PBXBuildFile; fileRef = DE78FD4A2A34EB15003080B4 /* Preview Assets.xcassets */; };
		DE78FD582A352AC2003080B4 /* HomeScreen.swift in Sources */ = {isa = PBXBuildFile; fileRef = DE78FD572A352AC2003080B4 /* HomeScreen.swift */; };
		DE78FD5A2A352D3A003080B4 /* LibraryScreen.swift in Sources */ = {isa = PBXBuildFile; fileRef = DE78FD592A352D3A003080B4 /* LibraryScreen.swift */; };
		DE78FD5D2A35308F003080B4 /* BookTitleView.swift in Sources */ = {isa = PBXBuildFile; fileRef = DE78FD5C2A35308F003080B4 /* BookTitleView.swift */; };
		DE78FD5F2A35331D003080B4 /* BookView.swift in Sources */ = {isa = PBXBuildFile; fileRef = DE78FD5E2A35331D003080B4 /* BookView.swift */; };
		DE78FD622A355DA3003080B4 /* TestBookData.swift in Sources */ = {isa = PBXBuildFile; fileRef = DE78FD612A355DA3003080B4 /* TestBookData.swift */; };
		DE78FD652A355DFF003080B4 /* BookModel.swift in Sources */ = {isa = PBXBuildFile; fileRef = DE78FD642A355DFF003080B4 /* BookModel.swift */; };
		DE78FD6A2A357FB5003080B4 /* ArrowButton.swift in Sources */ = {isa = PBXBuildFile; fileRef = DE78FD692A357FB5003080B4 /* ArrowButton.swift */; };
		DE91166E2A36877D00A47C27 /* ProfileScreen.swift in Sources */ = {isa = PBXBuildFile; fileRef = DE91166D2A36877D00A47C27 /* ProfileScreen.swift */; };
/* End PBXBuildFile section */

/* Begin PBXFileReference section */
		4759DE9F7FBD5D56EC8F313B /* Pods-bedtime-story-maker.release.xcconfig */ = {isa = PBXFileReference; includeInIndex = 1; lastKnownFileType = text.xcconfig; name = "Pods-bedtime-story-maker.release.xcconfig"; path = "Target Support Files/Pods-bedtime-story-maker/Pods-bedtime-story-maker.release.xcconfig"; sourceTree = "<group>"; };
		B3C1FCA73FC48F5385E18285 /* Pods_bedtime_story_maker.framework */ = {isa = PBXFileReference; explicitFileType = wrapper.framework; includeInIndex = 0; path = Pods_bedtime_story_maker.framework; sourceTree = BUILT_PRODUCTS_DIR; };
		DE78FD402A34EB13003080B4 /* bedtime-story-maker.app */ = {isa = PBXFileReference; explicitFileType = wrapper.application; includeInIndex = 0; path = "bedtime-story-maker.app"; sourceTree = BUILT_PRODUCTS_DIR; };
		DE78FD432A34EB13003080B4 /* bedtime_story_makerApp.swift */ = {isa = PBXFileReference; lastKnownFileType = sourcecode.swift; path = bedtime_story_makerApp.swift; sourceTree = "<group>"; };
		DE78FD472A34EB15003080B4 /* Assets.xcassets */ = {isa = PBXFileReference; lastKnownFileType = folder.assetcatalog; path = Assets.xcassets; sourceTree = "<group>"; };
		DE78FD4A2A34EB15003080B4 /* Preview Assets.xcassets */ = {isa = PBXFileReference; lastKnownFileType = folder.assetcatalog; path = "Preview Assets.xcassets"; sourceTree = "<group>"; };
		DE78FD572A352AC2003080B4 /* HomeScreen.swift */ = {isa = PBXFileReference; lastKnownFileType = sourcecode.swift; path = HomeScreen.swift; sourceTree = "<group>"; };
		DE78FD592A352D3A003080B4 /* LibraryScreen.swift */ = {isa = PBXFileReference; lastKnownFileType = sourcecode.swift; path = LibraryScreen.swift; sourceTree = "<group>"; };
		DE78FD5C2A35308F003080B4 /* BookTitleView.swift */ = {isa = PBXFileReference; lastKnownFileType = sourcecode.swift; path = BookTitleView.swift; sourceTree = "<group>"; };
		DE78FD5E2A35331D003080B4 /* BookView.swift */ = {isa = PBXFileReference; lastKnownFileType = sourcecode.swift; path = BookView.swift; sourceTree = "<group>"; };
		DE78FD612A355DA3003080B4 /* TestBookData.swift */ = {isa = PBXFileReference; lastKnownFileType = sourcecode.swift; path = TestBookData.swift; sourceTree = "<group>"; };
		DE78FD642A355DFF003080B4 /* BookModel.swift */ = {isa = PBXFileReference; lastKnownFileType = sourcecode.swift; path = BookModel.swift; sourceTree = "<group>"; };
		DE78FD692A357FB5003080B4 /* ArrowButton.swift */ = {isa = PBXFileReference; lastKnownFileType = sourcecode.swift; path = ArrowButton.swift; sourceTree = "<group>"; };
		DE91166D2A36877D00A47C27 /* ProfileScreen.swift */ = {isa = PBXFileReference; lastKnownFileType = sourcecode.swift; path = ProfileScreen.swift; sourceTree = "<group>"; };
		E10197EA0AAAB2CA63A90503 /* Pods-bedtime-story-maker.debug.xcconfig */ = {isa = PBXFileReference; includeInIndex = 1; lastKnownFileType = text.xcconfig; name = "Pods-bedtime-story-maker.debug.xcconfig"; path = "Target Support Files/Pods-bedtime-story-maker/Pods-bedtime-story-maker.debug.xcconfig"; sourceTree = "<group>"; };
/* End PBXFileReference section */

/* Begin PBXFrameworksBuildPhase section */
		DE78FD3D2A34EB13003080B4 /* Frameworks */ = {
			isa = PBXFrameworksBuildPhase;
			buildActionMask = 2147483647;
			files = (
				4FBD292EA43B8AD2E2D3FF09 /* Pods_bedtime_story_maker.framework in Frameworks */,
			);
			runOnlyForDeploymentPostprocessing = 0;
		};
/* End PBXFrameworksBuildPhase section */

/* Begin PBXGroup section */
		5BC98BA5C189EA60E4502574 /* Frameworks */ = {
			isa = PBXGroup;
			children = (
				B3C1FCA73FC48F5385E18285 /* Pods_bedtime_story_maker.framework */,
			);
			name = Frameworks;
			sourceTree = "<group>";
		};
		DE78FD372A34EB13003080B4 = {
			isa = PBXGroup;
			children = (
				DE78FD512A34F0AC003080B4 /* Services */,
				DE78FD422A34EB13003080B4 /* bedtime-story-maker */,
				DE78FD412A34EB13003080B4 /* Products */,
				F6A67059EECF681AB9FC9A1E /* Pods */,
				5BC98BA5C189EA60E4502574 /* Frameworks */,
			);
			sourceTree = "<group>";
		};
		DE78FD412A34EB13003080B4 /* Products */ = {
			isa = PBXGroup;
			children = (
				DE78FD402A34EB13003080B4 /* bedtime-story-maker.app */,
			);
			name = Products;
			sourceTree = "<group>";
		};
		DE78FD422A34EB13003080B4 /* bedtime-story-maker */ = {
			isa = PBXGroup;
			children = (
				DE78FD602A355D8A003080B4 /* TestData */,
				DE78FD552A352A24003080B4 /* iPad */,
				DE78FD542A352A18003080B4 /* iPhone */,
				DE78FD662A356933003080B4 /* Utilities */,
				DE78FD522A34F0BE003080B4 /* config */,
				DE78FD472A34EB15003080B4 /* Assets.xcassets */,
				DE78FD492A34EB15003080B4 /* Preview Content */,
			);
			path = "bedtime-story-maker";
			sourceTree = "<group>";
		};
		DE78FD492A34EB15003080B4 /* Preview Content */ = {
			isa = PBXGroup;
			children = (
				DE78FD4A2A34EB15003080B4 /* Preview Assets.xcassets */,
			);
			path = "Preview Content";
			sourceTree = "<group>";
		};
		DE78FD512A34F0AC003080B4 /* Services */ = {
			isa = PBXGroup;
			children = (
				DE78FD632A355DCF003080B4 /* LibraryService */,
			);
			path = Services;
			sourceTree = "<group>";
		};
		DE78FD522A34F0BE003080B4 /* config */ = {
			isa = PBXGroup;
			children = (
				DE78FD432A34EB13003080B4 /* bedtime_story_makerApp.swift */,
			);
			path = config;
			sourceTree = "<group>";
		};
		DE78FD542A352A18003080B4 /* iPhone */ = {
			isa = PBXGroup;
			children = (
				DE78FD5B2A35307C003080B4 /* Components */,
				DE78FD562A352A4C003080B4 /* Scenes */,
			);
			path = iPhone;
			sourceTree = "<group>";
		};
		DE78FD552A352A24003080B4 /* iPad */ = {
			isa = PBXGroup;
			children = (
			);
			path = iPad;
			sourceTree = "<group>";
		};
		DE78FD562A352A4C003080B4 /* Scenes */ = {
			isa = PBXGroup;
			children = (
				DE78FD572A352AC2003080B4 /* HomeScreen.swift */,
				DE78FD592A352D3A003080B4 /* LibraryScreen.swift */,
				DE91166D2A36877D00A47C27 /* ProfileScreen.swift */,
			);
			path = Scenes;
			sourceTree = "<group>";
		};
		DE78FD5B2A35307C003080B4 /* Components */ = {
			isa = PBXGroup;
			children = (
				DE78FD5C2A35308F003080B4 /* BookTitleView.swift */,
				DE78FD5E2A35331D003080B4 /* BookView.swift */,
				DE78FD692A357FB5003080B4 /* ArrowButton.swift */,
			);
			path = Components;
			sourceTree = "<group>";
		};
		DE78FD602A355D8A003080B4 /* TestData */ = {
			isa = PBXGroup;
			children = (
				DE78FD612A355DA3003080B4 /* TestBookData.swift */,
			);
			path = TestData;
			sourceTree = "<group>";
		};
		DE78FD632A355DCF003080B4 /* LibraryService */ = {
			isa = PBXGroup;
			children = (
				DE78FD642A355DFF003080B4 /* BookModel.swift */,
			);
			path = LibraryService;
			sourceTree = "<group>";
		};
		DE78FD662A356933003080B4 /* Utilities */ = {
			isa = PBXGroup;
			children = (
			);
			path = Utilities;
			sourceTree = "<group>";
		};
		F6A67059EECF681AB9FC9A1E /* Pods */ = {
			isa = PBXGroup;
			children = (
				E10197EA0AAAB2CA63A90503 /* Pods-bedtime-story-maker.debug.xcconfig */,
				4759DE9F7FBD5D56EC8F313B /* Pods-bedtime-story-maker.release.xcconfig */,
			);
			path = Pods;
			sourceTree = "<group>";
		};
/* End PBXGroup section */

/* Begin PBXNativeTarget section */
		DE78FD3F2A34EB13003080B4 /* bedtime-story-maker */ = {
			isa = PBXNativeTarget;
			buildConfigurationList = DE78FD4E2A34EB15003080B4 /* Build configuration list for PBXNativeTarget "bedtime-story-maker" */;
			buildPhases = (
				362AFC5024BAF6CD04BEFE76 /* [CP] Check Pods Manifest.lock */,
				DE78FD3C2A34EB13003080B4 /* Sources */,
				DE78FD3D2A34EB13003080B4 /* Frameworks */,
				DE78FD3E2A34EB13003080B4 /* Resources */,
				2B545D7BD98AC855AE4CD8FF /* [CP] Embed Pods Frameworks */,
			);
			buildRules = (
			);
			dependencies = (
			);
			name = "bedtime-story-maker";
			productName = "bedtime-story-maker";
			productReference = DE78FD402A34EB13003080B4 /* bedtime-story-maker.app */;
			productType = "com.apple.product-type.application";
		};
/* End PBXNativeTarget section */

/* Begin PBXProject section */
		DE78FD382A34EB13003080B4 /* Project object */ = {
			isa = PBXProject;
			attributes = {
				BuildIndependentTargetsInParallel = 1;
				LastSwiftUpdateCheck = 1430;
				LastUpgradeCheck = 1430;
				TargetAttributes = {
					DE78FD3F2A34EB13003080B4 = {
						CreatedOnToolsVersion = 14.3.1;
					};
				};
			};
			buildConfigurationList = DE78FD3B2A34EB13003080B4 /* Build configuration list for PBXProject "bedtime-story-maker" */;
			compatibilityVersion = "Xcode 14.0";
			developmentRegion = en;
			hasScannedForEncodings = 0;
			knownRegions = (
				en,
				Base,
			);
			mainGroup = DE78FD372A34EB13003080B4;
			productRefGroup = DE78FD412A34EB13003080B4 /* Products */;
			projectDirPath = "";
			projectRoot = "";
			targets = (
				DE78FD3F2A34EB13003080B4 /* bedtime-story-maker */,
			);
		};
/* End PBXProject section */

/* Begin PBXResourcesBuildPhase section */
		DE78FD3E2A34EB13003080B4 /* Resources */ = {
			isa = PBXResourcesBuildPhase;
			buildActionMask = 2147483647;
			files = (
				DE78FD4B2A34EB15003080B4 /* Preview Assets.xcassets in Resources */,
				DE78FD482A34EB15003080B4 /* Assets.xcassets in Resources */,
			);
			runOnlyForDeploymentPostprocessing = 0;
		};
/* End PBXResourcesBuildPhase section */

/* Begin PBXShellScriptBuildPhase section */
		2B545D7BD98AC855AE4CD8FF /* [CP] Embed Pods Frameworks */ = {
			isa = PBXShellScriptBuildPhase;
			buildActionMask = 2147483647;
			files = (
			);
			inputFileListPaths = (
				"${PODS_ROOT}/Target Support Files/Pods-bedtime-story-maker/Pods-bedtime-story-maker-frameworks-${CONFIGURATION}-input-files.xcfilelist",
			);
			name = "[CP] Embed Pods Frameworks";
			outputFileListPaths = (
				"${PODS_ROOT}/Target Support Files/Pods-bedtime-story-maker/Pods-bedtime-story-maker-frameworks-${CONFIGURATION}-output-files.xcfilelist",
			);
			runOnlyForDeploymentPostprocessing = 0;
			shellPath = /bin/sh;
			shellScript = "\"${PODS_ROOT}/Target Support Files/Pods-bedtime-story-maker/Pods-bedtime-story-maker-frameworks.sh\"\n";
			showEnvVarsInLog = 0;
		};
		362AFC5024BAF6CD04BEFE76 /* [CP] Check Pods Manifest.lock */ = {
			isa = PBXShellScriptBuildPhase;
			buildActionMask = 2147483647;
			files = (
			);
			inputFileListPaths = (
			);
			inputPaths = (
				"${PODS_PODFILE_DIR_PATH}/Podfile.lock",
				"${PODS_ROOT}/Manifest.lock",
			);
			name = "[CP] Check Pods Manifest.lock";
			outputFileListPaths = (
			);
			outputPaths = (
				"$(DERIVED_FILE_DIR)/Pods-bedtime-story-maker-checkManifestLockResult.txt",
			);
			runOnlyForDeploymentPostprocessing = 0;
			shellPath = /bin/sh;
			shellScript = "diff \"${PODS_PODFILE_DIR_PATH}/Podfile.lock\" \"${PODS_ROOT}/Manifest.lock\" > /dev/null\nif [ $? != 0 ] ; then\n    # print error to STDERR\n    echo \"error: The sandbox is not in sync with the Podfile.lock. Run 'pod install' or update your CocoaPods installation.\" >&2\n    exit 1\nfi\n# This output is used by Xcode 'outputs' to avoid re-running this script phase.\necho \"SUCCESS\" > \"${SCRIPT_OUTPUT_FILE_0}\"\n";
			showEnvVarsInLog = 0;
		};
/* End PBXShellScriptBuildPhase section */

/* Begin PBXSourcesBuildPhase section */
		DE78FD3C2A34EB13003080B4 /* Sources */ = {
			isa = PBXSourcesBuildPhase;
			buildActionMask = 2147483647;
			files = (
				DE78FD582A352AC2003080B4 /* HomeScreen.swift in Sources */,
				DE78FD5A2A352D3A003080B4 /* LibraryScreen.swift in Sources */,
				DE78FD5D2A35308F003080B4 /* BookTitleView.swift in Sources */,
				DE78FD442A34EB13003080B4 /* bedtime_story_makerApp.swift in Sources */,
				DE91166E2A36877D00A47C27 /* ProfileScreen.swift in Sources */,
				DE78FD622A355DA3003080B4 /* TestBookData.swift in Sources */,
				DE78FD5F2A35331D003080B4 /* BookView.swift in Sources */,
				DE78FD6A2A357FB5003080B4 /* ArrowButton.swift in Sources */,
				DE78FD652A355DFF003080B4 /* BookModel.swift in Sources */,
			);
			runOnlyForDeploymentPostprocessing = 0;
		};
/* End PBXSourcesBuildPhase section */

/* Begin XCBuildConfiguration section */
		DE78FD4C2A34EB15003080B4 /* Debug */ = {
			isa = XCBuildConfiguration;
			buildSettings = {
				ALWAYS_SEARCH_USER_PATHS = NO;
				CLANG_ANALYZER_NONNULL = YES;
				CLANG_ANALYZER_NUMBER_OBJECT_CONVERSION = YES_AGGRESSIVE;
				CLANG_CXX_LANGUAGE_STANDARD = "gnu++20";
				CLANG_ENABLE_MODULES = YES;
				CLANG_ENABLE_OBJC_ARC = YES;
				CLANG_ENABLE_OBJC_WEAK = YES;
				CLANG_WARN_BLOCK_CAPTURE_AUTORELEASING = YES;
				CLANG_WARN_BOOL_CONVERSION = YES;
				CLANG_WARN_COMMA = YES;
				CLANG_WARN_CONSTANT_CONVERSION = YES;
				CLANG_WARN_DEPRECATED_OBJC_IMPLEMENTATIONS = YES;
				CLANG_WARN_DIRECT_OBJC_ISA_USAGE = YES_ERROR;
				CLANG_WARN_DOCUMENTATION_COMMENTS = YES;
				CLANG_WARN_EMPTY_BODY = YES;
				CLANG_WARN_ENUM_CONVERSION = YES;
				CLANG_WARN_INFINITE_RECURSION = YES;
				CLANG_WARN_INT_CONVERSION = YES;
				CLANG_WARN_NON_LITERAL_NULL_CONVERSION = YES;
				CLANG_WARN_OBJC_IMPLICIT_RETAIN_SELF = YES;
				CLANG_WARN_OBJC_LITERAL_CONVERSION = YES;
				CLANG_WARN_OBJC_ROOT_CLASS = YES_ERROR;
				CLANG_WARN_QUOTED_INCLUDE_IN_FRAMEWORK_HEADER = YES;
				CLANG_WARN_RANGE_LOOP_ANALYSIS = YES;
				CLANG_WARN_STRICT_PROTOTYPES = YES;
				CLANG_WARN_SUSPICIOUS_MOVE = YES;
				CLANG_WARN_UNGUARDED_AVAILABILITY = YES_AGGRESSIVE;
				CLANG_WARN_UNREACHABLE_CODE = YES;
				CLANG_WARN__DUPLICATE_METHOD_MATCH = YES;
				COPY_PHASE_STRIP = NO;
				DEBUG_INFORMATION_FORMAT = dwarf;
				ENABLE_STRICT_OBJC_MSGSEND = YES;
				ENABLE_TESTABILITY = YES;
				GCC_C_LANGUAGE_STANDARD = gnu11;
				GCC_DYNAMIC_NO_PIC = NO;
				GCC_NO_COMMON_BLOCKS = YES;
				GCC_OPTIMIZATION_LEVEL = 0;
				GCC_PREPROCESSOR_DEFINITIONS = (
					"DEBUG=1",
					"$(inherited)",
				);
				GCC_WARN_64_TO_32_BIT_CONVERSION = YES;
				GCC_WARN_ABOUT_RETURN_TYPE = YES_ERROR;
				GCC_WARN_UNDECLARED_SELECTOR = YES;
				GCC_WARN_UNINITIALIZED_AUTOS = YES_AGGRESSIVE;
				GCC_WARN_UNUSED_FUNCTION = YES;
				GCC_WARN_UNUSED_VARIABLE = YES;
				IPHONEOS_DEPLOYMENT_TARGET = 16.4;
				MTL_ENABLE_DEBUG_INFO = INCLUDE_SOURCE;
				MTL_FAST_MATH = YES;
				ONLY_ACTIVE_ARCH = YES;
				SDKROOT = iphoneos;
				SWIFT_ACTIVE_COMPILATION_CONDITIONS = DEBUG;
				SWIFT_OPTIMIZATION_LEVEL = "-Onone";
			};
			name = Debug;
		};
		DE78FD4D2A34EB15003080B4 /* Release */ = {
			isa = XCBuildConfiguration;
			buildSettings = {
				ALWAYS_SEARCH_USER_PATHS = NO;
				CLANG_ANALYZER_NONNULL = YES;
				CLANG_ANALYZER_NUMBER_OBJECT_CONVERSION = YES_AGGRESSIVE;
				CLANG_CXX_LANGUAGE_STANDARD = "gnu++20";
				CLANG_ENABLE_MODULES = YES;
				CLANG_ENABLE_OBJC_ARC = YES;
				CLANG_ENABLE_OBJC_WEAK = YES;
				CLANG_WARN_BLOCK_CAPTURE_AUTORELEASING = YES;
				CLANG_WARN_BOOL_CONVERSION = YES;
				CLANG_WARN_COMMA = YES;
				CLANG_WARN_CONSTANT_CONVERSION = YES;
				CLANG_WARN_DEPRECATED_OBJC_IMPLEMENTATIONS = YES;
				CLANG_WARN_DIRECT_OBJC_ISA_USAGE = YES_ERROR;
				CLANG_WARN_DOCUMENTATION_COMMENTS = YES;
				CLANG_WARN_EMPTY_BODY = YES;
				CLANG_WARN_ENUM_CONVERSION = YES;
				CLANG_WARN_INFINITE_RECURSION = YES;
				CLANG_WARN_INT_CONVERSION = YES;
				CLANG_WARN_NON_LITERAL_NULL_CONVERSION = YES;
				CLANG_WARN_OBJC_IMPLICIT_RETAIN_SELF = YES;
				CLANG_WARN_OBJC_LITERAL_CONVERSION = YES;
				CLANG_WARN_OBJC_ROOT_CLASS = YES_ERROR;
				CLANG_WARN_QUOTED_INCLUDE_IN_FRAMEWORK_HEADER = YES;
				CLANG_WARN_RANGE_LOOP_ANALYSIS = YES;
				CLANG_WARN_STRICT_PROTOTYPES = YES;
				CLANG_WARN_SUSPICIOUS_MOVE = YES;
				CLANG_WARN_UNGUARDED_AVAILABILITY = YES_AGGRESSIVE;
				CLANG_WARN_UNREACHABLE_CODE = YES;
				CLANG_WARN__DUPLICATE_METHOD_MATCH = YES;
				COPY_PHASE_STRIP = NO;
				DEBUG_INFORMATION_FORMAT = "dwarf-with-dsym";
				ENABLE_NS_ASSERTIONS = NO;
				ENABLE_STRICT_OBJC_MSGSEND = YES;
				GCC_C_LANGUAGE_STANDARD = gnu11;
				GCC_NO_COMMON_BLOCKS = YES;
				GCC_WARN_64_TO_32_BIT_CONVERSION = YES;
				GCC_WARN_ABOUT_RETURN_TYPE = YES_ERROR;
				GCC_WARN_UNDECLARED_SELECTOR = YES;
				GCC_WARN_UNINITIALIZED_AUTOS = YES_AGGRESSIVE;
				GCC_WARN_UNUSED_FUNCTION = YES;
				GCC_WARN_UNUSED_VARIABLE = YES;
				IPHONEOS_DEPLOYMENT_TARGET = 16.4;
				MTL_ENABLE_DEBUG_INFO = NO;
				MTL_FAST_MATH = YES;
				SDKROOT = iphoneos;
				SWIFT_COMPILATION_MODE = wholemodule;
				SWIFT_OPTIMIZATION_LEVEL = "-O";
				VALIDATE_PRODUCT = YES;
			};
			name = Release;
		};
		DE78FD4F2A34EB15003080B4 /* Debug */ = {
			isa = XCBuildConfiguration;
			baseConfigurationReference = E10197EA0AAAB2CA63A90503 /* Pods-bedtime-story-maker.debug.xcconfig */;
			buildSettings = {
				ASSETCATALOG_COMPILER_APPICON_NAME = AppIcon;
				ASSETCATALOG_COMPILER_GLOBAL_ACCENT_COLOR_NAME = AccentColor;
				CODE_SIGN_STYLE = Automatic;
				CURRENT_PROJECT_VERSION = 1;
				DEVELOPMENT_ASSET_PATHS = "\"bedtime-story-maker/Preview Content\"";
				DEVELOPMENT_TEAM = 265HY58XK9;
				ENABLE_PREVIEWS = YES;
				GENERATE_INFOPLIST_FILE = YES;
				INFOPLIST_KEY_UIApplicationSceneManifest_Generation = YES;
				INFOPLIST_KEY_UIApplicationSupportsIndirectInputEvents = YES;
				INFOPLIST_KEY_UILaunchScreen_Generation = YES;
				INFOPLIST_KEY_UISupportedInterfaceOrientations_iPad = "UIInterfaceOrientationPortrait UIInterfaceOrientationPortraitUpsideDown UIInterfaceOrientationLandscapeLeft UIInterfaceOrientationLandscapeRight";
				INFOPLIST_KEY_UISupportedInterfaceOrientations_iPhone = "UIInterfaceOrientationPortrait UIInterfaceOrientationLandscapeLeft UIInterfaceOrientationLandscapeRight";
				LD_RUNPATH_SEARCH_PATHS = (
					"$(inherited)",
					"@executable_path/Frameworks",
				);
				MARKETING_VERSION = 1.0;
				PRODUCT_BUNDLE_IDENTIFIER = "com.connorholland.bedtime-story-maker";
				PRODUCT_NAME = "$(TARGET_NAME)";
				SWIFT_EMIT_LOC_STRINGS = YES;
				SWIFT_VERSION = 5.0;
				TARGETED_DEVICE_FAMILY = "1,2";
			};
			name = Debug;
		};
		DE78FD502A34EB15003080B4 /* Release */ = {
			isa = XCBuildConfiguration;
			baseConfigurationReference = 4759DE9F7FBD5D56EC8F313B /* Pods-bedtime-story-maker.release.xcconfig */;
			buildSettings = {
				ASSETCATALOG_COMPILER_APPICON_NAME = AppIcon;
				ASSETCATALOG_COMPILER_GLOBAL_ACCENT_COLOR_NAME = AccentColor;
				CODE_SIGN_STYLE = Automatic;
				CURRENT_PROJECT_VERSION = 1;
				DEVELOPMENT_ASSET_PATHS = "\"bedtime-story-maker/Preview Content\"";
				DEVELOPMENT_TEAM = 265HY58XK9;
				ENABLE_PREVIEWS = YES;
				GENERATE_INFOPLIST_FILE = YES;
				INFOPLIST_KEY_UIApplicationSceneManifest_Generation = YES;
				INFOPLIST_KEY_UIApplicationSupportsIndirectInputEvents = YES;
				INFOPLIST_KEY_UILaunchScreen_Generation = YES;
				INFOPLIST_KEY_UISupportedInterfaceOrientations_iPad = "UIInterfaceOrientationPortrait UIInterfaceOrientationPortraitUpsideDown UIInterfaceOrientationLandscapeLeft UIInterfaceOrientationLandscapeRight";
				INFOPLIST_KEY_UISupportedInterfaceOrientations_iPhone = "UIInterfaceOrientationPortrait UIInterfaceOrientationLandscapeLeft UIInterfaceOrientationLandscapeRight";
				LD_RUNPATH_SEARCH_PATHS = (
					"$(inherited)",
					"@executable_path/Frameworks",
				);
				MARKETING_VERSION = 1.0;
				PRODUCT_BUNDLE_IDENTIFIER = "com.connorholland.bedtime-story-maker";
				PRODUCT_NAME = "$(TARGET_NAME)";
				SWIFT_EMIT_LOC_STRINGS = YES;
				SWIFT_VERSION = 5.0;
				TARGETED_DEVICE_FAMILY = "1,2";
			};
			name = Release;
		};
/* End XCBuildConfiguration section */

/* Begin XCConfigurationList section */
		DE78FD3B2A34EB13003080B4 /* Build configuration list for PBXProject "bedtime-story-maker" */ = {
			isa = XCConfigurationList;
			buildConfigurations = (
				DE78FD4C2A34EB15003080B4 /* Debug */,
				DE78FD4D2A34EB15003080B4 /* Release */,
			);
			defaultConfigurationIsVisible = 0;
			defaultConfigurationName = Release;
		};
		DE78FD4E2A34EB15003080B4 /* Build configuration list for PBXNativeTarget "bedtime-story-maker" */ = {
			isa = XCConfigurationList;
			buildConfigurations = (
				DE78FD4F2A34EB15003080B4 /* Debug */,
				DE78FD502A34EB15003080B4 /* Release */,
			);
			defaultConfigurationIsVisible = 0;
			defaultConfigurationName = Release;
		};
/* End XCConfigurationList section */
	};
	rootObject = DE78FD382A34EB13003080B4 /* Project object */;
}
